
Microsoft Visual Studio Solution File, Format Version 12.00
# Visual Studio 15
VisualStudioVersion = 15.0.28307.1062
MinimumVisualStudioVersion = 10.0.40219.1
Project("{8BC9CEB8-8B4A-11D0-8D11-00A0C91BC942}") = "Project2", "Project2\Project2.vcxproj", "{D0E7A286-8967-4F7A-A096-165ACC9A63F0}"
EndProject
Global
	GlobalSection(SolutionConfigurationPlatforms) = preSolution
		Debug|x64 = Debug|x64
		Debug|x86 = Debug|x86
		Release|x64 = Release|x64
		Release|x86 = Release|x86
	EndGlobalSection
	GlobalSection(ProjectConfigurationPlatforms) = postSolution
		{D0E7A286-8967-4F7A-A096-165ACC9A63F0}.Debug|x64.ActiveCfg = Debug|x64
		{D0E7A286-8967-4F7A-A096-165ACC9A63F0}.Debug|x64.Build.0 = Debug|x64
		{D0E7A286-8967-4F7A-A096-165ACC9A63F0}.Debug|x86.ActiveCfg = Debug|Win32
		{D0E7A286-8967-4F7A-A096-165ACC9A63F0}.Debug|x86.Build.0 = Debug|Win32
		{D0E7A286-8967-4F7A-A096-165ACC9A63F0}.Release|x64.ActiveCfg = Release|x64
		{D0E7A286-8967-4F7A-A096-165ACC9A63F0}.Release|x64.Build.0 = Release|x64
		{D0E7A286-8967-4F7A-A096-165ACC9A63F0}.Release|x86.ActiveCfg = Release|Win32
		{D0E7A286-8967-4F7A-A096-165ACC9A63F0}.Release|x86.Build.0 = Release|Win32
	EndGlobalSection
	GlobalSection(SolutionProperties) = preSolution
		HideSolutionNode = FALSE
	EndGlobalSection
	GlobalSection(ExtensibilityGlobals) = postSolution
		SolutionGuid = {E00FD804-362D-4897-AC94-3AFF7558CBBD}
	EndGlobalSection
EndGlobal
